<Solution>
  <Folder Name="/src/">
    <Project Path="src/DeveloperPlatform.Api/DeveloperPlatform.Api.csproj" />
    <Project Path="src/DeveloperPlatform.Application/DeveloperPlatform.Application.csproj" />
    <Project Path="src/DeveloperPlatform.Domain/DeveloperPlatform.Domain.csproj" />
    <Project Path="src/DeveloperPlatform.Infrastructure/DeveloperPlatform.Infrastructure.csproj" />
    <Project Path="src/DeveloperPlatform.Web/DeveloperPlatform.Web.csproj" />
  </Folder>
  <Folder Name="/tests/">
    <Project Path="tests/DeveloperPlatform.Api.Tests/DeveloperPlatform.Api.Tests.csproj" />
    <Project Path="tests/DeveloperPlatform.ArchitectureTests/DeveloperPlatform.ArchitectureTests.csproj" />
    <Project Path="tests/DeveloperPlatform.E2ETests/DeveloperPlatform.E2ETests.csproj" />
    <Project Path="tests/DeveloperPlatform.Web.Tests/DeveloperPlatform.Web.Tests.csproj" />
  </Folder>
</Solution>
